
Microsoft Visual Studio Solution File, Format Version 12.00
# Visual Studio Version 16
VisualStudioVersion = 16.0.30413.136
MinimumVisualStudioVersion = 10.0.40219.1
Project("{9A19103F-16F7-4668-BE54-9A1E7A4F7556}") = "DatabaseLibrary", "DatabaseLibrary\DatabaseLibrary.csproj", "{16E2892E-3B90-4FF8-8E02-D425FE05A6B8}"
EndProject
Project("{FAE04EC0-301F-11D3-BF4B-00C04F79EFBC}") = "CovidTrackerWebApp", "CovidTrackerWebApp\CovidTrackerWebApp.csproj", "{34ED7D0B-98A6-42ED-94D4-298CBF32D15A}"
EndProject
Global
	GlobalSection(SolutionConfigurationPlatforms) = preSolution
		Debug|Any CPU = Debug|Any CPU
		Release|Any CPU = Release|Any CPU
	EndGlobalSection
	GlobalSection(ProjectConfigurationPlatforms) = postSolution
		{16E2892E-3B90-4FF8-8E02-D425FE05A6B8}.Debug|Any CPU.ActiveCfg = Debug|Any CPU
		{16E2892E-3B90-4FF8-8E02-D425FE05A6B8}.Debug|Any CPU.Build.0 = Debug|Any CPU
		{16E2892E-3B90-4FF8-8E02-D425FE05A6B8}.Release|Any CPU.ActiveCfg = Release|Any CPU
		{16E2892E-3B90-4FF8-8E02-D425FE05A6B8}.Release|Any CPU.Build.0 = Release|Any CPU
		{34ED7D0B-98A6-42ED-94D4-298CBF32D15A}.Debug|Any CPU.ActiveCfg = Debug|Any CPU
		{34ED7D0B-98A6-42ED-94D4-298CBF32D15A}.Debug|Any CPU.Build.0 = Debug|Any CPU
		{34ED7D0B-98A6-42ED-94D4-298CBF32D15A}.Release|Any CPU.ActiveCfg = Release|Any CPU
		{34ED7D0B-98A6-42ED-94D4-298CBF32D15A}.Release|Any CPU.Build.0 = Release|Any CPU
	EndGlobalSection
	GlobalSection(SolutionProperties) = preSolution
		HideSolutionNode = FALSE
	EndGlobalSection
	GlobalSection(ExtensibilityGlobals) = postSolution
		SolutionGuid = {A3CC711F-DA73-40E6-97B5-EED4C2B86368}
	EndGlobalSection
EndGlobal
